
Microsoft Visual Studio Solution File, Format Version 12.00
# Visual Studio Version 17
VisualStudioVersion = 17.0.31903.59
MinimumVisualStudioVersion = 10.0.40219.1
Project("{9A19103F-16F7-4668-BE54-9A1E7A4F7556}") = "SK.EventSourcing", "SK.EventSourcing\SK.EventSourcing.csproj", "{F706E2CA-5683-42E3-BB09-E2B31380E29C}"
EndProject
Project("{9A19103F-16F7-4668-BE54-9A1E7A4F7556}") = "SK.EventSourcing.Tests", "SK.EventSourcing.Tests\SK.EventSourcing.Tests.csproj", "{2CE276E0-FAB4-4E29-858E-128A3442C95F}"
EndProject
Project("{2150E333-8FDC-42A3-9474-1A3956D46DE8}") = "Demo", "Demo", "{1CBA94A3-6287-4858-A43C-4585360F78A0}"
EndProject
Project("{9A19103F-16F7-4668-BE54-9A1E7A4F7556}") = "Wallet.API", "Demo\Wallet.API\Wallet.API.csproj", "{FCDD6177-16E2-4700-B8CE-BFA3DB36CD84}"
EndProject
Project("{E53339B2-1760-4266-BCC7-CA923CBCF16C}") = "docker-compose", "docker-compose.dcproj", "{EDFBD0AE-4695-40F5-8127-A6308BADB6FE}"
EndProject
Global
	GlobalSection(SolutionConfigurationPlatforms) = preSolution
		Debug|Any CPU = Debug|Any CPU
		Release|Any CPU = Release|Any CPU
	EndGlobalSection
	GlobalSection(ProjectConfigurationPlatforms) = postSolution
		{F706E2CA-5683-42E3-BB09-E2B31380E29C}.Debug|Any CPU.ActiveCfg = Debug|Any CPU
		{F706E2CA-5683-42E3-BB09-E2B31380E29C}.Debug|Any CPU.Build.0 = Debug|Any CPU
		{F706E2CA-5683-42E3-BB09-E2B31380E29C}.Release|Any CPU.ActiveCfg = Release|Any CPU
		{F706E2CA-5683-42E3-BB09-E2B31380E29C}.Release|Any CPU.Build.0 = Release|Any CPU
		{2CE276E0-FAB4-4E29-858E-128A3442C95F}.Debug|Any CPU.ActiveCfg = Debug|Any CPU
		{2CE276E0-FAB4-4E29-858E-128A3442C95F}.Debug|Any CPU.Build.0 = Debug|Any CPU
		{2CE276E0-FAB4-4E29-858E-128A3442C95F}.Release|Any CPU.ActiveCfg = Release|Any CPU
		{2CE276E0-FAB4-4E29-858E-128A3442C95F}.Release|Any CPU.Build.0 = Release|Any CPU
		{FCDD6177-16E2-4700-B8CE-BFA3DB36CD84}.Debug|Any CPU.ActiveCfg = Debug|Any CPU
		{FCDD6177-16E2-4700-B8CE-BFA3DB36CD84}.Debug|Any CPU.Build.0 = Debug|Any CPU
		{FCDD6177-16E2-4700-B8CE-BFA3DB36CD84}.Release|Any CPU.ActiveCfg = Release|Any CPU
		{FCDD6177-16E2-4700-B8CE-BFA3DB36CD84}.Release|Any CPU.Build.0 = Release|Any CPU
		{EDFBD0AE-4695-40F5-8127-A6308BADB6FE}.Debug|Any CPU.ActiveCfg = Debug|Any CPU
		{EDFBD0AE-4695-40F5-8127-A6308BADB6FE}.Debug|Any CPU.Build.0 = Debug|Any CPU
		{EDFBD0AE-4695-40F5-8127-A6308BADB6FE}.Release|Any CPU.ActiveCfg = Release|Any CPU
		{EDFBD0AE-4695-40F5-8127-A6308BADB6FE}.Release|Any CPU.Build.0 = Release|Any CPU
	EndGlobalSection
	GlobalSection(SolutionProperties) = preSolution
		HideSolutionNode = FALSE
	EndGlobalSection
	GlobalSection(NestedProjects) = preSolution
		{FCDD6177-16E2-4700-B8CE-BFA3DB36CD84} = {1CBA94A3-6287-4858-A43C-4585360F78A0}
	EndGlobalSection
	GlobalSection(ExtensibilityGlobals) = postSolution
		SolutionGuid = {5DE71458-DFC1-4C35-A6C8-B68AFFA7903D}
	EndGlobalSection
EndGlobal
